// !$*UTF8*$!
{
	archiveVersion = 1;
	classes = {
	};
	objectVersion = 46;
	objects = {

/* Begin PBXBuildFile section */
		396889ED1CFEDECB00549A23 /* AppDelegate.swift in Sources */ = {isa = PBXBuildFile; fileRef = 396889EC1CFEDECB00549A23 /* AppDelegate.swift */; };
		396889EF1CFEDECB00549A23 /* ViewController.swift in Sources */ = {isa = PBXBuildFile; fileRef = 396889EE1CFEDECB00549A23 /* ViewController.swift */; };
		396889F21CFEDECB00549A23 /* Main.storyboard in Resources */ = {isa = PBXBuildFile; fileRef = 396889F01CFEDECB00549A23 /* Main.storyboard */; };
		396889F41CFEDECB00549A23 /* Assets.xcassets in Resources */ = {isa = PBXBuildFile; fileRef = 396889F31CFEDECB00549A23 /* Assets.xcassets */; };
		396889F71CFEDECB00549A23 /* LaunchScreen.storyboard in Resources */ = {isa = PBXBuildFile; fileRef = 396889F51CFEDECB00549A23 /* LaunchScreen.storyboard */; };
/* End PBXBuildFile section */

/* Begin PBXFileReference section */
		396889E91CFEDECB00549A23 /* CameraNoPreview.app */ = {isa = PBXFileReference; explicitFileType = wrapper.application; includeInIndex = 0; path = CameraNoPreview.app; sourceTree = BUILT_PRODUCTS_DIR; };
		396889EC1CFEDECB00549A23 /* AppDelegate.swift */ = {isa = PBXFileReference; lastKnownFileType = sourcecode.swift; path = AppDelegate.swift; sourceTree = "<group>"; };
		396889EE1CFEDECB00549A23 /* ViewController.swift */ = {isa = PBXFileReference; lastKnownFileType = sourcecode.swift; path = ViewController.swift; sourceTree = "<group>"; };
		396889F11CFEDECB00549A23 /* Base */ = {isa = PBXFileReference; lastKnownFileType = file.storyboard; name = Base; path = Base.lproj/Main.storyboard; sourceTree = "<group>"; };
		396889F31CFEDECB00549A23 /* Assets.xcassets */ = {isa = PBXFileReference; lastKnownFileType = folder.assetcatalog; path = Assets.xcassets; sourceTree = "<group>"; };
		396889F61CFEDECB00549A23 /* Base */ = {isa = PBXFileReference; lastKnownFileType = file.storyboard; name = Base; path = Base.lproj/LaunchScreen.storyboard; sourceTree = "<group>"; };
		396889F81CFEDECB00549A23 /* Info.plist */ = {isa = PBXFileReference; lastKnownFileType = text.plist.xml; path = Info.plist; sourceTree = "<group>"; };
/* End PBXFileReference section */

/* Begin PBXFrameworksBuildPhase section */
		396889E61CFEDECB00549A23 /* Frameworks */ = {
			isa = PBXFrameworksBuildPhase;
			buildActionMask = 2147483647;
			files = (
			);
			runOnlyForDeploymentPostprocessing = 0;
		};
/* End PBXFrameworksBuildPhase section */

/* Begin PBXGroup section */
		396889E01CFEDECB00549A23 = {
			isa = PBXGroup;
			children = (
				396889EB1CFEDECB00549A23 /* CameraNoPreview */,
				396889EA1CFEDECB00549A23 /* Products */,
			);
			sourceTree = "<group>";
		};
		396889EA1CFEDECB00549A23 /* Products */ = {
			isa = PBXGroup;
			children = (
				396889E91CFEDECB00549A23 /* CameraNoPreview.app */,
			);
			name = Products;
			sourceTree = "<group>";
		};
		396889EB1CFEDECB00549A23 /* CameraNoPreview */ = {
			isa = PBXGroup;
			children = (
				396889EC1CFEDECB00549A23 /* AppDelegate.swift */,
				396889EE1CFEDECB00549A23 /* ViewController.swift */,
				396889F01CFEDECB00549A23 /* Main.storyboard */,
				396889F31CFEDECB00549A23 /* Assets.xcassets */,
				396889F51CFEDECB00549A23 /* LaunchScreen.storyboard */,
				396889F81CFEDECB00549A23 /* Info.plist */,
			);
			path = CameraNoPreview;
			sourceTree = "<group>";
		};
/* End PBXGroup section */

/* Begin PBXNativeTarget section */
		396889E81CFEDECB00549A23 /* CameraNoPreview */ = {
			isa = PBXNativeTarget;
			buildConfigurationList = 396889FB1CFEDECB00549A23 /* Build configuration list for PBXNativeTarget "CameraNoPreview" */;
			buildPhases = (
				396889E51CFEDECB00549A23 /* Sources */,
				396889E61CFEDECB00549A23 /* Frameworks */,
				396889E71CFEDECB00549A23 /* Resources */,
			);
			buildRules = (
			);
			dependencies = (
			);
			name = CameraNoPreview;
			productName = CameraNoPreview;
			productReference = 396889E91CFEDECB00549A23 /* CameraNoPreview.app */;
			productType = "com.apple.product-type.application";
		};
/* End PBXNativeTarget section */

/* Begin PBXProject section */
		396889E11CFEDECB00549A23 /* Project object */ = {
			isa = PBXProject;
			attributes = {
				LastSwiftUpdateCheck = 0730;
				LastUpgradeCheck = 0730;
				ORGANIZATIONNAME = "Dan Sinclair";
				TargetAttributes = {
					396889E81CFEDECB00549A23 = {
						CreatedOnToolsVersion = 7.3.1;
						DevelopmentTeam = UAT6W6PV8T;
					};
				};
			};
			buildConfigurationList = 396889E41CFEDECB00549A23 /* Build configuration list for PBXProject "CameraNoPreview" */;
			compatibilityVersion = "Xcode 3.2";
			developmentRegion = English;
			hasScannedForEncodings = 0;
			knownRegions = (
				en,
				Base,
			);
			mainGroup = 396889E01CFEDECB00549A23;
			productRefGroup = 396889EA1CFEDECB00549A23 /* Products */;
			projectDirPath = "";
			projectRoot = "";
			targets = (
				396889E81CFEDECB00549A23 /* CameraNoPreview */,
			);
		};
/* End PBXProject section */

/* Begin PBXResourcesBuildPhase section */
		396889E71CFEDECB00549A23 /* Resources */ = {
			isa = PBXResourcesBuildPhase;
			buildActionMask = 2147483647;
			files = (
				396889F71CFEDECB00549A23 /* LaunchScreen.storyboard in Resources */,
				396889F41CFEDECB00549A23 /* Assets.xcassets in Resources */,
				396889F21CFEDECB00549A23 /* Main.storyboard in Resources */,
			);
			runOnlyForDeploymentPostprocessing = 0;
		};
/* End PBXResourcesBuildPhase section */

/* Begin PBXSourcesBuildPhase section */
		396889E51CFEDECB00549A23 /* Sources */ = {
			isa = PBXSourcesBuildPhase;
			buildActionMask = 2147483647;
			files = (
				396889EF1CFEDECB00549A23 /* ViewController.swift in Sources */,
				396889ED1CFEDECB00549A23 /* AppDelegate.swift in Sources */,
			);
			runOnlyForDeploymentPostprocessing = 0;
		};
/* End PBXSourcesBuildPhase section */

/* Begin PBXVariantGroup section */
		396889F01CFEDECB00549A23 /* Main.storyboard */ = {
			isa = PBXVariantGroup;
			children = (
				396889F11CFEDECB00549A23 /* Base */,
			);
			name = Main.storyboard;
			sourceTree = "<group>";
		};
		396889F51CFEDECB00549A23 /* LaunchScreen.storyboard */ = {
			isa = PBXVariantGroup;
			children = (
				396889F61CFEDECB00549A23 /* Base */,
			);
			name = LaunchScreen.storyboard;
			sourceTree = "<group>";
		};
/* End PBXVariantGroup section */

/* Begin XCBuildConfiguration section */
		396889F91CFEDECB00549A23 /* Debug */ = {
			isa = XCBuildConfiguration;
			buildSettings = {
				ALWAYS_SEARCH_USER_PATHS = NO;
				CLANG_ANALYZER_NONNULL = YES;
				CLANG_CXX_LANGUAGE_STANDARD = "gnu++0x";
				CLANG_CXX_LIBRARY = "libc++";
				CLANG_ENABLE_MODULES = YES;
				CLANG_ENABLE_OBJC_ARC = YES;
				CLANG_WARN_BOOL_CONVERSION = YES;
				CLANG_WARN_CONSTANT_CONVERSION = YES;
				CLANG_WARN_DIRECT_OBJC_ISA_USAGE = YES_ERROR;
				CLANG_WARN_EMPTY_BODY = YES;
				CLANG_WARN_ENUM_CONVERSION = YES;
				CLANG_WARN_INT_CONVERSION = YES;
				CLANG_WARN_OBJC_ROOT_CLASS = YES_ERROR;
				CLANG_WARN_UNREACHABLE_CODE = YES;
				CLANG_WARN__DUPLICATE_METHOD_MATCH = YES;
				"CODE_SIGN_IDENTITY[sdk=iphoneos*]" = "iPhone Developer";
				COPY_PHASE_STRIP = NO;
				DEBUG_INFORMATION_FORMAT = dwarf;
				ENABLE_STRICT_OBJC_MSGSEND = YES;
				ENABLE_TESTABILITY = YES;
				GCC_C_LANGUAGE_STANDARD = gnu99;
				GCC_DYNAMIC_NO_PIC = NO;
				GCC_NO_COMMON_BLOCKS = YES;
				GCC_OPTIMIZATION_LEVEL = 0;
				GCC_PREPROCESSOR_DEFINITIONS = (
					"DEBUG=1",
					"$(inherited)",
				);
				GCC_WARN_64_TO_32_BIT_CONVERSION = YES;
				GCC_WARN_ABOUT_RETURN_TYPE = YES_ERROR;
				GCC_WARN_UNDECLARED_SELECTOR = YES;
				GCC_WARN_UNINITIALIZED_AUTOS = YES_AGGRESSIVE;
				GCC_WARN_UNUSED_FUNCTION = YES;
				GCC_WARN_UNUSED_VARIABLE = YES;
				IPHONEOS_DEPLOYMENT_TARGET = 9.3;
				MTL_ENABLE_DEBUG_INFO = YES;
				ONLY_ACTIVE_ARCH = YES;
				SDKROOT = iphoneos;
				SWIFT_OPTIMIZATION_LEVEL = "-Onone";
				TARGETED_DEVICE_FAMILY = "1,2";
			};
			name = Debug;
		};
		396889FA1CFEDECB00549A23 /* Release */ = {
			isa = XCBuildConfiguration;
			buildSettings = {
				ALWAYS_SEARCH_USER_PATHS = NO;
				CLANG_ANALYZER_NONNULL = YES;
				CLANG_CXX_LANGUAGE_STANDARD = "gnu++0x";
				CLANG_CXX_LIBRARY = "libc++";
				CLANG_ENABLE_MODULES = YES;
				CLANG_ENABLE_OBJC_ARC = YES;
				CLANG_WARN_BOOL_CONVERSION = YES;
				CLANG_WARN_CONSTANT_CONVERSION = YES;
				CLANG_WARN_DIRECT_OBJC_ISA_USAGE = YES_ERROR;
				CLANG_WARN_EMPTY_BODY = YES;
				CLANG_WARN_ENUM_CONVERSION = YES;
				CLANG_WARN_INT_CONVERSION = YES;
				CLANG_WARN_OBJC_ROOT_CLASS = YES_ERROR;
				CLANG_WARN_UNREACHABLE_CODE = YES;
				CLANG_WARN__DUPLICATE_METHOD_MATCH = YES;
				"CODE_SIGN_IDENTITY[sdk=iphoneos*]" = "iPhone Developer";
				COPY_PHASE_STRIP = NO;
				DEBUG_INFORMATION_FORMAT = "dwarf-with-dsym";
				ENABLE_NS_ASSERTIONS = NO;
				ENABLE_STRICT_OBJC_MSGSEND = YES;
				GCC_C_LANGUAGE_STANDARD = gnu99;
				GCC_NO_COMMON_BLOCKS = YES;
				GCC_WARN_64_TO_32_BIT_CONVERSION = YES;
				GCC_WARN_ABOUT_RETURN_TYPE = YES_ERROR;
				GCC_WARN_UNDECLARED_SELECTOR = YES;
				GCC_WARN_UNINITIALIZED_AUTOS = YES_AGGRESSIVE;
				GCC_WARN_UNUSED_FUNCTION = YES;
				GCC_WARN_UNUSED_VARIABLE = YES;
				IPHONEOS_DEPLOYMENT_TARGET = 9.3;
				MTL_ENABLE_DEBUG_INFO = NO;
				SDKROOT = iphoneos;
				TARGETED_DEVICE_FAMILY = "1,2";
				VALIDATE_PRODUCT = YES;
			};
			name = Release;
		};
		396889FC1CFEDECB00549A23 /* Debug */ = {
			isa = XCBuildConfiguration;
			buildSettings = {
				ASSETCATALOG_COMPILER_APPICON_NAME = AppIcon;
				CODE_SIGN_IDENTITY = "iPhone Developer";
				INFOPLIST_FILE = CameraNoPreview/Info.plist;
				LD_RUNPATH_SEARCH_PATHS = "$(inherited) @executable_path/Frameworks";
				PRODUCT_BUNDLE_IDENTIFIER = com.dansinclair.CameraNoPreview;
				PRODUCT_NAME = "$(TARGET_NAME)";
			};
			name = Debug;
		};
		396889FD1CFEDECB00549A23 /* Release */ = {
			isa = XCBuildConfiguration;
			buildSettings = {
				ASSETCATALOG_COMPILER_APPICON_NAME = AppIcon;
				CODE_SIGN_IDENTITY = "iPhone Developer";
				INFOPLIST_FILE = CameraNoPreview/Info.plist;
				LD_RUNPATH_SEARCH_PATHS = "$(inherited) @executable_path/Frameworks";
				PRODUCT_BUNDLE_IDENTIFIER = com.dansinclair.CameraNoPreview;
				PRODUCT_NAME = "$(TARGET_NAME)";
			};
			name = Release;
		};
/* End XCBuildConfiguration section */

/* Begin XCConfigurationList section */
		396889E41CFEDECB00549A23 /* Build configuration list for PBXProject "CameraNoPreview" */ = {
			isa = XCConfigurationList;
			buildConfigurations = (
				396889F91CFEDECB00549A23 /* Debug */,
				396889FA1CFEDECB00549A23 /* Release */,
			);
			defaultConfigurationIsVisible = 0;
			defaultConfigurationName = Release;
		};
		396889FB1CFEDECB00549A23 /* Build configuration list for PBXNativeTarget "CameraNoPreview" */ = {
			isa = XCConfigurationList;
			buildConfigurations = (
				396889FC1CFEDECB00549A23 /* Debug */,
				396889FD1CFEDECB00549A23 /* Release */,
			);
			defaultConfigurationIsVisible = 0;
			defaultConfigurationName = Release;
		};
/* End XCConfigurationList section */
	};
	rootObject = 396889E11CFEDECB00549A23 /* Project object */;
}
